{"name":"fincalc-dashboard","version":"0.1.0","lockfileVersion":3,"requires":true,"packages":{"":{"name":"fincalc-dashboard","version":"0.1.0","dependencies":{"react":"^18.3.1","react-dom":"^18.3.1"},"devDependencies":{"@vitejs/plugin-react":"^4.3.1","vite":"^6.0.0"}},"node_modules/@vitejs/plugin-react":{"version":"4.7.0","resolved":"https://registry.npmjs.org/@vitejs/plugin-react/-/plugin-react-4.7.0.tgz"},"node_modules/vite":{"version":"6.0.0","resolved":"https://registry.npmjs.org/vite/-/vite-6.0.0.tgz"}}}